// !$*UTF8*$!
{
	archiveVersion = 1;
	classes = {
	};
	objectVersion = 56;
	objects = {

/* Begin PBXBuildFile section */
		779E0D1A2C804E95002F81BE /* AppDelegate.swift in Sources */ = {isa = PBXBuildFile; fileRef = 779E0D192C804E95002F81BE /* AppDelegate.swift */; };
		779E0D1C2C804E95002F81BE /* SceneDelegate.swift in Sources */ = {isa = PBXBuildFile; fileRef = 779E0D1B2C804E95002F81BE /* SceneDelegate.swift */; };
		779E0D1E2C804E95002F81BE /* ViewController.swift in Sources */ = {isa = PBXBuildFile; fileRef = 779E0D1D2C804E95002F81BE /* ViewController.swift */; };
		779E0D212C804E95002F81BE /* Base in Resources */ = {isa = PBXBuildFile; fileRef = 779E0D202C804E95002F81BE /* Base */; };
		779E0D232C804E96002F81BE /* Assets.xcassets in Resources */ = {isa = PBXBuildFile; fileRef = 779E0D222C804E96002F81BE /* Assets.xcassets */; };
		779E0D262C804E96002F81BE /* Base in Resources */ = {isa = PBXBuildFile; fileRef = 779E0D252C804E96002F81BE /* Base */; };
		779E0D2F2C805E18002F81BE /* UserDefaults+Extension.swift in Sources */ = {isa = PBXBuildFile; fileRef = 779E0D2E2C805E18002F81BE /* UserDefaults+Extension.swift */; };
		779E0D682C8064A2002F81BE /* AppDelegate.swift in Sources */ = {isa = PBXBuildFile; fileRef = 779E0D672C8064A2002F81BE /* AppDelegate.swift */; };
		779E0D6A2C8064A2002F81BE /* SceneDelegate.swift in Sources */ = {isa = PBXBuildFile; fileRef = 779E0D692C8064A2002F81BE /* SceneDelegate.swift */; };
		779E0D6C2C8064A2002F81BE /* ViewController.swift in Sources */ = {isa = PBXBuildFile; fileRef = 779E0D6B2C8064A2002F81BE /* ViewController.swift */; };
		779E0D6F2C8064A2002F81BE /* Base in Resources */ = {isa = PBXBuildFile; fileRef = 779E0D6E2C8064A2002F81BE /* Base */; };
		779E0D712C8064A3002F81BE /* Assets.xcassets in Resources */ = {isa = PBXBuildFile; fileRef = 779E0D702C8064A3002F81BE /* Assets.xcassets */; };
		779E0D742C8064A3002F81BE /* Base in Resources */ = {isa = PBXBuildFile; fileRef = 779E0D732C8064A3002F81BE /* Base */; };
		779E0D792C8064B0002F81BE /* UserDefaults+Extension.swift in Sources */ = {isa = PBXBuildFile; fileRef = 779E0D2E2C805E18002F81BE /* UserDefaults+Extension.swift */; };
/* End PBXBuildFile section */

/* Begin PBXCopyFilesBuildPhase section */
		779E0D422C805FFA002F81BE /* Embed Foundation Extensions */ = {
			isa = PBXCopyFilesBuildPhase;
			buildActionMask = 2147483647;
			dstPath = "";
			dstSubfolderSpec = 13;
			files = (
			);
			name = "Embed Foundation Extensions";
			runOnlyForDeploymentPostprocessing = 0;
		};
		779E0D602C8060DA002F81BE /* Embed Frameworks */ = {
			isa = PBXCopyFilesBuildPhase;
			buildActionMask = 2147483647;
			dstPath = "";
			dstSubfolderSpec = 10;
			files = (
			);
			name = "Embed Frameworks";
			runOnlyForDeploymentPostprocessing = 0;
		};
/* End PBXCopyFilesBuildPhase section */

/* Begin PBXFileReference section */
		779E0D162C804E95002F81BE /* UserDefaults.app */ = {isa = PBXFileReference; explicitFileType = wrapper.application; includeInIndex = 0; path = UserDefaults.app; sourceTree = BUILT_PRODUCTS_DIR; };
		779E0D192C804E95002F81BE /* AppDelegate.swift */ = {isa = PBXFileReference; lastKnownFileType = sourcecode.swift; path = AppDelegate.swift; sourceTree = "<group>"; };
		779E0D1B2C804E95002F81BE /* SceneDelegate.swift */ = {isa = PBXFileReference; lastKnownFileType = sourcecode.swift; path = SceneDelegate.swift; sourceTree = "<group>"; };
		779E0D1D2C804E95002F81BE /* ViewController.swift */ = {isa = PBXFileReference; lastKnownFileType = sourcecode.swift; path = ViewController.swift; sourceTree = "<group>"; };
		779E0D202C804E95002F81BE /* Base */ = {isa = PBXFileReference; lastKnownFileType = file.storyboard; name = Base; path = Base.lproj/Main.storyboard; sourceTree = "<group>"; };
		779E0D222C804E96002F81BE /* Assets.xcassets */ = {isa = PBXFileReference; lastKnownFileType = folder.assetcatalog; path = Assets.xcassets; sourceTree = "<group>"; };
		779E0D252C804E96002F81BE /* Base */ = {isa = PBXFileReference; lastKnownFileType = file.storyboard; name = Base; path = Base.lproj/LaunchScreen.storyboard; sourceTree = "<group>"; };
		779E0D272C804E96002F81BE /* Info.plist */ = {isa = PBXFileReference; lastKnownFileType = text.plist.xml; path = Info.plist; sourceTree = "<group>"; };
		779E0D2D2C805C8F002F81BE /* UserDefaults.entitlements */ = {isa = PBXFileReference; lastKnownFileType = text.plist.entitlements; path = UserDefaults.entitlements; sourceTree = "<group>"; };
		779E0D2E2C805E18002F81BE /* UserDefaults+Extension.swift */ = {isa = PBXFileReference; lastKnownFileType = sourcecode.swift; path = "UserDefaults+Extension.swift"; sourceTree = "<group>"; };
		779E0D652C8064A2002F81BE /* anotherApp.app */ = {isa = PBXFileReference; explicitFileType = wrapper.application; includeInIndex = 0; path = anotherApp.app; sourceTree = BUILT_PRODUCTS_DIR; };
		779E0D672C8064A2002F81BE /* AppDelegate.swift */ = {isa = PBXFileReference; lastKnownFileType = sourcecode.swift; path = AppDelegate.swift; sourceTree = "<group>"; };
		779E0D692C8064A2002F81BE /* SceneDelegate.swift */ = {isa = PBXFileReference; lastKnownFileType = sourcecode.swift; path = SceneDelegate.swift; sourceTree = "<group>"; };
		779E0D6B2C8064A2002F81BE /* ViewController.swift */ = {isa = PBXFileReference; lastKnownFileType = sourcecode.swift; path = ViewController.swift; sourceTree = "<group>"; };
		779E0D6E2C8064A2002F81BE /* Base */ = {isa = PBXFileReference; lastKnownFileType = file.storyboard; name = Base; path = Base.lproj/Main.storyboard; sourceTree = "<group>"; };
		779E0D702C8064A3002F81BE /* Assets.xcassets */ = {isa = PBXFileReference; lastKnownFileType = folder.assetcatalog; path = Assets.xcassets; sourceTree = "<group>"; };
		779E0D732C8064A3002F81BE /* Base */ = {isa = PBXFileReference; lastKnownFileType = file.storyboard; name = Base; path = Base.lproj/LaunchScreen.storyboard; sourceTree = "<group>"; };
		779E0D752C8064A3002F81BE /* Info.plist */ = {isa = PBXFileReference; lastKnownFileType = text.plist.xml; path = Info.plist; sourceTree = "<group>"; };
		779E0D7A2C806508002F81BE /* anotherApp.entitlements */ = {isa = PBXFileReference; lastKnownFileType = text.plist.entitlements; path = anotherApp.entitlements; sourceTree = "<group>"; };
/* End PBXFileReference section */

/* Begin PBXFrameworksBuildPhase section */
		779E0D132C804E95002F81BE /* Frameworks */ = {
			isa = PBXFrameworksBuildPhase;
			buildActionMask = 2147483647;
			files = (
			);
			runOnlyForDeploymentPostprocessing = 0;
		};
		779E0D622C8064A2002F81BE /* Frameworks */ = {
			isa = PBXFrameworksBuildPhase;
			buildActionMask = 2147483647;
			files = (
			);
			runOnlyForDeploymentPostprocessing = 0;
		};
/* End PBXFrameworksBuildPhase section */

/* Begin PBXGroup section */
		779E0D0D2C804E95002F81BE = {
			isa = PBXGroup;
			children = (
				779E0D182C804E95002F81BE /* UserDefaults */,
				779E0D662C8064A2002F81BE /* anotherApp */,
				779E0D172C804E95002F81BE /* Products */,
			);
			sourceTree = "<group>";
		};
		779E0D172C804E95002F81BE /* Products */ = {
			isa = PBXGroup;
			children = (
				779E0D162C804E95002F81BE /* UserDefaults.app */,
				779E0D652C8064A2002F81BE /* anotherApp.app */,
			);
			name = Products;
			sourceTree = "<group>";
		};
		779E0D182C804E95002F81BE /* UserDefaults */ = {
			isa = PBXGroup;
			children = (
				779E0D2D2C805C8F002F81BE /* UserDefaults.entitlements */,
				779E0D192C804E95002F81BE /* AppDelegate.swift */,
				779E0D1B2C804E95002F81BE /* SceneDelegate.swift */,
				779E0D2E2C805E18002F81BE /* UserDefaults+Extension.swift */,
				779E0D1D2C804E95002F81BE /* ViewController.swift */,
				779E0D1F2C804E95002F81BE /* Main.storyboard */,
				779E0D222C804E96002F81BE /* Assets.xcassets */,
				779E0D242C804E96002F81BE /* LaunchScreen.storyboard */,
				779E0D272C804E96002F81BE /* Info.plist */,
			);
			path = UserDefaults;
			sourceTree = "<group>";
		};
		779E0D662C8064A2002F81BE /* anotherApp */ = {
			isa = PBXGroup;
			children = (
				779E0D7A2C806508002F81BE /* anotherApp.entitlements */,
				779E0D672C8064A2002F81BE /* AppDelegate.swift */,
				779E0D692C8064A2002F81BE /* SceneDelegate.swift */,
				779E0D6B2C8064A2002F81BE /* ViewController.swift */,
				779E0D6D2C8064A2002F81BE /* Main.storyboard */,
				779E0D702C8064A3002F81BE /* Assets.xcassets */,
				779E0D722C8064A3002F81BE /* LaunchScreen.storyboard */,
				779E0D752C8064A3002F81BE /* Info.plist */,
			);
			path = anotherApp;
			sourceTree = "<group>";
		};
/* End PBXGroup section */

/* Begin PBXNativeTarget section */
		779E0D152C804E95002F81BE /* UserDefaults */ = {
			isa = PBXNativeTarget;
			buildConfigurationList = 779E0D2A2C804E96002F81BE /* Build configuration list for PBXNativeTarget "UserDefaults" */;
			buildPhases = (
				779E0D122C804E95002F81BE /* Sources */,
				779E0D132C804E95002F81BE /* Frameworks */,
				779E0D142C804E95002F81BE /* Resources */,
				779E0D422C805FFA002F81BE /* Embed Foundation Extensions */,
				779E0D602C8060DA002F81BE /* Embed Frameworks */,
			);
			buildRules = (
			);
			dependencies = (
			);
			name = UserDefaults;
			productName = UserDefaults;
			productReference = 779E0D162C804E95002F81BE /* UserDefaults.app */;
			productType = "com.apple.product-type.application";
		};
		779E0D642C8064A2002F81BE /* anotherApp */ = {
			isa = PBXNativeTarget;
			buildConfigurationList = 779E0D762C8064A3002F81BE /* Build configuration list for PBXNativeTarget "anotherApp" */;
			buildPhases = (
				779E0D612C8064A2002F81BE /* Sources */,
				779E0D622C8064A2002F81BE /* Frameworks */,
				779E0D632C8064A2002F81BE /* Resources */,
			);
			buildRules = (
			);
			dependencies = (
			);
			name = anotherApp;
			productName = anotherApp;
			productReference = 779E0D652C8064A2002F81BE /* anotherApp.app */;
			productType = "com.apple.product-type.application";
		};
/* End PBXNativeTarget section */

/* Begin PBXProject section */
		779E0D0E2C804E95002F81BE /* Project object */ = {
			isa = PBXProject;
			attributes = {
				BuildIndependentTargetsInParallel = 1;
				LastSwiftUpdateCheck = 1540;
				LastUpgradeCheck = 1540;
				TargetAttributes = {
					779E0D152C804E95002F81BE = {
						CreatedOnToolsVersion = 15.4;
					};
					779E0D642C8064A2002F81BE = {
						CreatedOnToolsVersion = 15.4;
					};
				};
			};
			buildConfigurationList = 779E0D112C804E95002F81BE /* Build configuration list for PBXProject "UserDefaults" */;
			compatibilityVersion = "Xcode 14.0";
			developmentRegion = en;
			hasScannedForEncodings = 0;
			knownRegions = (
				en,
				Base,
			);
			mainGroup = 779E0D0D2C804E95002F81BE;
			productRefGroup = 779E0D172C804E95002F81BE /* Products */;
			projectDirPath = "";
			projectRoot = "";
			targets = (
				779E0D152C804E95002F81BE /* UserDefaults */,
				779E0D642C8064A2002F81BE /* anotherApp */,
			);
		};
/* End PBXProject section */

/* Begin PBXResourcesBuildPhase section */
		779E0D142C804E95002F81BE /* Resources */ = {
			isa = PBXResourcesBuildPhase;
			buildActionMask = 2147483647;
			files = (
				779E0D232C804E96002F81BE /* Assets.xcassets in Resources */,
				779E0D262C804E96002F81BE /* Base in Resources */,
				779E0D212C804E95002F81BE /* Base in Resources */,
			);
			runOnlyForDeploymentPostprocessing = 0;
		};
		779E0D632C8064A2002F81BE /* Resources */ = {
			isa = PBXResourcesBuildPhase;
			buildActionMask = 2147483647;
			files = (
				779E0D712C8064A3002F81BE /* Assets.xcassets in Resources */,
				779E0D742C8064A3002F81BE /* Base in Resources */,
				779E0D6F2C8064A2002F81BE /* Base in Resources */,
			);
			runOnlyForDeploymentPostprocessing = 0;
		};
/* End PBXResourcesBuildPhase section */

/* Begin PBXSourcesBuildPhase section */
		779E0D122C804E95002F81BE /* Sources */ = {
			isa = PBXSourcesBuildPhase;
			buildActionMask = 2147483647;
			files = (
				779E0D1E2C804E95002F81BE /* ViewController.swift in Sources */,
				779E0D1A2C804E95002F81BE /* AppDelegate.swift in Sources */,
				779E0D2F2C805E18002F81BE /* UserDefaults+Extension.swift in Sources */,
				779E0D1C2C804E95002F81BE /* SceneDelegate.swift in Sources */,
			);
			runOnlyForDeploymentPostprocessing = 0;
		};
		779E0D612C8064A2002F81BE /* Sources */ = {
			isa = PBXSourcesBuildPhase;
			buildActionMask = 2147483647;
			files = (
				779E0D6C2C8064A2002F81BE /* ViewController.swift in Sources */,
				779E0D682C8064A2002F81BE /* AppDelegate.swift in Sources */,
				779E0D792C8064B0002F81BE /* UserDefaults+Extension.swift in Sources */,
				779E0D6A2C8064A2002F81BE /* SceneDelegate.swift in Sources */,
			);
			runOnlyForDeploymentPostprocessing = 0;
		};
/* End PBXSourcesBuildPhase section */

/* Begin PBXVariantGroup section */
		779E0D1F2C804E95002F81BE /* Main.storyboard */ = {
			isa = PBXVariantGroup;
			children = (
				779E0D202C804E95002F81BE /* Base */,
			);
			name = Main.storyboard;
			sourceTree = "<group>";
		};
		779E0D242C804E96002F81BE /* LaunchScreen.storyboard */ = {
			isa = PBXVariantGroup;
			children = (
				779E0D252C804E96002F81BE /* Base */,
			);
			name = LaunchScreen.storyboard;
			sourceTree = "<group>";
		};
		779E0D6D2C8064A2002F81BE /* Main.storyboard */ = {
			isa = PBXVariantGroup;
			children = (
				779E0D6E2C8064A2002F81BE /* Base */,
			);
			name = Main.storyboard;
			sourceTree = "<group>";
		};
		779E0D722C8064A3002F81BE /* LaunchScreen.storyboard */ = {
			isa = PBXVariantGroup;
			children = (
				779E0D732C8064A3002F81BE /* Base */,
			);
			name = LaunchScreen.storyboard;
			sourceTree = "<group>";
		};
/* End PBXVariantGroup section */

/* Begin XCBuildConfiguration section */
		779E0D282C804E96002F81BE /* Debug */ = {
			isa = XCBuildConfiguration;
			buildSettings = {
				ALWAYS_SEARCH_USER_PATHS = NO;
				ASSETCATALOG_COMPILER_GENERATE_SWIFT_ASSET_SYMBOL_EXTENSIONS = YES;
				CLANG_ANALYZER_NONNULL = YES;
				CLANG_ANALYZER_NUMBER_OBJECT_CONVERSION = YES_AGGRESSIVE;
				CLANG_CXX_LANGUAGE_STANDARD = "gnu++20";
				CLANG_ENABLE_MODULES = YES;
				CLANG_ENABLE_OBJC_ARC = YES;
				CLANG_ENABLE_OBJC_WEAK = YES;
				CLANG_WARN_BLOCK_CAPTURE_AUTORELEASING = YES;
				CLANG_WARN_BOOL_CONVERSION = YES;
				CLANG_WARN_COMMA = YES;
				CLANG_WARN_CONSTANT_CONVERSION = YES;
				CLANG_WARN_DEPRECATED_OBJC_IMPLEMENTATIONS = YES;
				CLANG_WARN_DIRECT_OBJC_ISA_USAGE = YES_ERROR;
				CLANG_WARN_DOCUMENTATION_COMMENTS = YES;
				CLANG_WARN_EMPTY_BODY = YES;
				CLANG_WARN_ENUM_CONVERSION = YES;
				CLANG_WARN_INFINITE_RECURSION = YES;
				CLANG_WARN_INT_CONVERSION = YES;
				CLANG_WARN_NON_LITERAL_NULL_CONVERSION = YES;
				CLANG_WARN_OBJC_IMPLICIT_RETAIN_SELF = YES;
				CLANG_WARN_OBJC_LITERAL_CONVERSION = YES;
				CLANG_WARN_OBJC_ROOT_CLASS = YES_ERROR;
				CLANG_WARN_QUOTED_INCLUDE_IN_FRAMEWORK_HEADER = YES;
				CLANG_WARN_RANGE_LOOP_ANALYSIS = YES;
				CLANG_WARN_STRICT_PROTOTYPES = YES;
				CLANG_WARN_SUSPICIOUS_MOVE = YES;
				CLANG_WARN_UNGUARDED_AVAILABILITY = YES_AGGRESSIVE;
				CLANG_WARN_UNREACHABLE_CODE = YES;
				CLANG_WARN__DUPLICATE_METHOD_MATCH = YES;
				COPY_PHASE_STRIP = NO;
				DEBUG_INFORMATION_FORMAT = dwarf;
				ENABLE_STRICT_OBJC_MSGSEND = YES;
				ENABLE_TESTABILITY = YES;
				ENABLE_USER_SCRIPT_SANDBOXING = YES;
				GCC_C_LANGUAGE_STANDARD = gnu17;
				GCC_DYNAMIC_NO_PIC = NO;
				GCC_NO_COMMON_BLOCKS = YES;
				GCC_OPTIMIZATION_LEVEL = 0;
				GCC_PREPROCESSOR_DEFINITIONS = (
					"DEBUG=1",
					"$(inherited)",
				);
				GCC_WARN_64_TO_32_BIT_CONVERSION = YES;
				GCC_WARN_ABOUT_RETURN_TYPE = YES_ERROR;
				GCC_WARN_UNDECLARED_SELECTOR = YES;
				GCC_WARN_UNINITIALIZED_AUTOS = YES_AGGRESSIVE;
				GCC_WARN_UNUSED_FUNCTION = YES;
				GCC_WARN_UNUSED_VARIABLE = YES;
				IPHONEOS_DEPLOYMENT_TARGET = 17.5;
				LOCALIZATION_PREFERS_STRING_CATALOGS = YES;
				MTL_ENABLE_DEBUG_INFO = INCLUDE_SOURCE;
				MTL_FAST_MATH = YES;
				ONLY_ACTIVE_ARCH = YES;
				SDKROOT = iphoneos;
				SWIFT_ACTIVE_COMPILATION_CONDITIONS = "DEBUG $(inherited)";
				SWIFT_OPTIMIZATION_LEVEL = "-Onone";
			};
			name = Debug;
		};
		779E0D292C804E96002F81BE /* Release */ = {
			isa = XCBuildConfiguration;
			buildSettings = {
				ALWAYS_SEARCH_USER_PATHS = NO;
				ASSETCATALOG_COMPILER_GENERATE_SWIFT_ASSET_SYMBOL_EXTENSIONS = YES;
				CLANG_ANALYZER_NONNULL = YES;
				CLANG_ANALYZER_NUMBER_OBJECT_CONVERSION = YES_AGGRESSIVE;
				CLANG_CXX_LANGUAGE_STANDARD = "gnu++20";
				CLANG_ENABLE_MODULES = YES;
				CLANG_ENABLE_OBJC_ARC = YES;
				CLANG_ENABLE_OBJC_WEAK = YES;
				CLANG_WARN_BLOCK_CAPTURE_AUTORELEASING = YES;
				CLANG_WARN_BOOL_CONVERSION = YES;
				CLANG_WARN_COMMA = YES;
				CLANG_WARN_CONSTANT_CONVERSION = YES;
				CLANG_WARN_DEPRECATED_OBJC_IMPLEMENTATIONS = YES;
				CLANG_WARN_DIRECT_OBJC_ISA_USAGE = YES_ERROR;
				CLANG_WARN_DOCUMENTATION_COMMENTS = YES;
				CLANG_WARN_EMPTY_BODY = YES;
				CLANG_WARN_ENUM_CONVERSION = YES;
				CLANG_WARN_INFINITE_RECURSION = YES;
				CLANG_WARN_INT_CONVERSION = YES;
				CLANG_WARN_NON_LITERAL_NULL_CONVERSION = YES;
				CLANG_WARN_OBJC_IMPLICIT_RETAIN_SELF = YES;
				CLANG_WARN_OBJC_LITERAL_CONVERSION = YES;
				CLANG_WARN_OBJC_ROOT_CLASS = YES_ERROR;
				CLANG_WARN_QUOTED_INCLUDE_IN_FRAMEWORK_HEADER = YES;
				CLANG_WARN_RANGE_LOOP_ANALYSIS = YES;
				CLANG_WARN_STRICT_PROTOTYPES = YES;
				CLANG_WARN_SUSPICIOUS_MOVE = YES;
				CLANG_WARN_UNGUARDED_AVAILABILITY = YES_AGGRESSIVE;
				CLANG_WARN_UNREACHABLE_CODE = YES;
				CLANG_WARN__DUPLICATE_METHOD_MATCH = YES;
				COPY_PHASE_STRIP = NO;
				DEBUG_INFORMATION_FORMAT = "dwarf-with-dsym";
				ENABLE_NS_ASSERTIONS = NO;
				ENABLE_STRICT_OBJC_MSGSEND = YES;
				ENABLE_USER_SCRIPT_SANDBOXING = YES;
				GCC_C_LANGUAGE_STANDARD = gnu17;
				GCC_NO_COMMON_BLOCKS = YES;
				GCC_WARN_64_TO_32_BIT_CONVERSION = YES;
				GCC_WARN_ABOUT_RETURN_TYPE = YES_ERROR;
				GCC_WARN_UNDECLARED_SELECTOR = YES;
				GCC_WARN_UNINITIALIZED_AUTOS = YES_AGGRESSIVE;
				GCC_WARN_UNUSED_FUNCTION = YES;
				GCC_WARN_UNUSED_VARIABLE = YES;
				IPHONEOS_DEPLOYMENT_TARGET = 17.5;
				LOCALIZATION_PREFERS_STRING_CATALOGS = YES;
				MTL_ENABLE_DEBUG_INFO = NO;
				MTL_FAST_MATH = YES;
				SDKROOT = iphoneos;
				SWIFT_COMPILATION_MODE = wholemodule;
				VALIDATE_PRODUCT = YES;
			};
			name = Release;
		};
		779E0D2B2C804E96002F81BE /* Debug */ = {
			isa = XCBuildConfiguration;
			buildSettings = {
				ALWAYS_EMBED_SWIFT_STANDARD_LIBRARIES = YES;
				ASSETCATALOG_COMPILER_APPICON_NAME = AppIcon;
				ASSETCATALOG_COMPILER_GLOBAL_ACCENT_COLOR_NAME = AccentColor;
				CODE_SIGN_ENTITLEMENTS = UserDefaults/UserDefaults.entitlements;
				CODE_SIGN_STYLE = Automatic;
				CURRENT_PROJECT_VERSION = 1;
				DEVELOPMENT_TEAM = EZGE44PFN4;
				GENERATE_INFOPLIST_FILE = YES;
				INFOPLIST_FILE = UserDefaults/Info.plist;
				INFOPLIST_KEY_UIApplicationSupportsIndirectInputEvents = YES;
				INFOPLIST_KEY_UILaunchStoryboardName = LaunchScreen;
				INFOPLIST_KEY_UIMainStoryboardFile = Main;
				INFOPLIST_KEY_UISupportedInterfaceOrientations_iPad = "UIInterfaceOrientationPortrait UIInterfaceOrientationPortraitUpsideDown UIInterfaceOrientationLandscapeLeft UIInterfaceOrientationLandscapeRight";
				INFOPLIST_KEY_UISupportedInterfaceOrientations_iPhone = "UIInterfaceOrientationPortrait UIInterfaceOrientationLandscapeLeft UIInterfaceOrientationLandscapeRight";
				LD_RUNPATH_SEARCH_PATHS = (
					"$(inherited)",
					"@executable_path/Frameworks",
				);
				MARKETING_VERSION = 1.0;
				PRODUCT_BUNDLE_IDENTIFIER = com.msb.UserDefaults;
				PRODUCT_NAME = "$(TARGET_NAME)";
				SWIFT_EMIT_LOC_STRINGS = YES;
				SWIFT_VERSION = 5.0;
				TARGETED_DEVICE_FAMILY = "1,2";
			};
			name = Debug;
		};
		779E0D2C2C804E96002F81BE /* Release */ = {
			isa = XCBuildConfiguration;
			buildSettings = {
				ALWAYS_EMBED_SWIFT_STANDARD_LIBRARIES = YES;
				ASSETCATALOG_COMPILER_APPICON_NAME = AppIcon;
				ASSETCATALOG_COMPILER_GLOBAL_ACCENT_COLOR_NAME = AccentColor;
				CODE_SIGN_ENTITLEMENTS = UserDefaults/UserDefaults.entitlements;
				CODE_SIGN_STYLE = Automatic;
				CURRENT_PROJECT_VERSION = 1;
				DEVELOPMENT_TEAM = EZGE44PFN4;
				GENERATE_INFOPLIST_FILE = YES;
				INFOPLIST_FILE = UserDefaults/Info.plist;
				INFOPLIST_KEY_UIApplicationSupportsIndirectInputEvents = YES;
				INFOPLIST_KEY_UILaunchStoryboardName = LaunchScreen;
				INFOPLIST_KEY_UIMainStoryboardFile = Main;
				INFOPLIST_KEY_UISupportedInterfaceOrientations_iPad = "UIInterfaceOrientationPortrait UIInterfaceOrientationPortraitUpsideDown UIInterfaceOrientationLandscapeLeft UIInterfaceOrientationLandscapeRight";
				INFOPLIST_KEY_UISupportedInterfaceOrientations_iPhone = "UIInterfaceOrientationPortrait UIInterfaceOrientationLandscapeLeft UIInterfaceOrientationLandscapeRight";
				LD_RUNPATH_SEARCH_PATHS = (
					"$(inherited)",
					"@executable_path/Frameworks",
				);
				MARKETING_VERSION = 1.0;
				PRODUCT_BUNDLE_IDENTIFIER = com.msb.UserDefaults;
				PRODUCT_NAME = "$(TARGET_NAME)";
				SWIFT_EMIT_LOC_STRINGS = YES;
				SWIFT_VERSION = 5.0;
				TARGETED_DEVICE_FAMILY = "1,2";
			};
			name = Release;
		};
		779E0D772C8064A3002F81BE /* Debug */ = {
			isa = XCBuildConfiguration;
			buildSettings = {
				ASSETCATALOG_COMPILER_APPICON_NAME = AppIcon;
				ASSETCATALOG_COMPILER_GLOBAL_ACCENT_COLOR_NAME = AccentColor;
				CODE_SIGN_ENTITLEMENTS = anotherApp/anotherApp.entitlements;
				CODE_SIGN_STYLE = Automatic;
				CURRENT_PROJECT_VERSION = 1;
				DEVELOPMENT_TEAM = EZGE44PFN4;
				GENERATE_INFOPLIST_FILE = YES;
				INFOPLIST_FILE = anotherApp/Info.plist;
				INFOPLIST_KEY_UIApplicationSupportsIndirectInputEvents = YES;
				INFOPLIST_KEY_UILaunchStoryboardName = LaunchScreen;
				INFOPLIST_KEY_UIMainStoryboardFile = Main;
				INFOPLIST_KEY_UISupportedInterfaceOrientations_iPad = "UIInterfaceOrientationPortrait UIInterfaceOrientationPortraitUpsideDown UIInterfaceOrientationLandscapeLeft UIInterfaceOrientationLandscapeRight";
				INFOPLIST_KEY_UISupportedInterfaceOrientations_iPhone = "UIInterfaceOrientationPortrait UIInterfaceOrientationLandscapeLeft UIInterfaceOrientationLandscapeRight";
				LD_RUNPATH_SEARCH_PATHS = (
					"$(inherited)",
					"@executable_path/Frameworks",
				);
				MARKETING_VERSION = 1.0;
				PRODUCT_BUNDLE_IDENTIFIER = com.msb.UserDefaults.anotherApp;
				PRODUCT_NAME = "$(TARGET_NAME)";
				SWIFT_EMIT_LOC_STRINGS = YES;
				SWIFT_VERSION = 5.0;
				TARGETED_DEVICE_FAMILY = "1,2";
			};
			name = Debug;
		};
		779E0D782C8064A3002F81BE /* Release */ = {
			isa = XCBuildConfiguration;
			buildSettings = {
				ASSETCATALOG_COMPILER_APPICON_NAME = AppIcon;
				ASSETCATALOG_COMPILER_GLOBAL_ACCENT_COLOR_NAME = AccentColor;
				CODE_SIGN_ENTITLEMENTS = anotherApp/anotherApp.entitlements;
				CODE_SIGN_STYLE = Automatic;
				CURRENT_PROJECT_VERSION = 1;
				DEVELOPMENT_TEAM = EZGE44PFN4;
				GENERATE_INFOPLIST_FILE = YES;
				INFOPLIST_FILE = anotherApp/Info.plist;
				INFOPLIST_KEY_UIApplicationSupportsIndirectInputEvents = YES;
				INFOPLIST_KEY_UILaunchStoryboardName = LaunchScreen;
				INFOPLIST_KEY_UIMainStoryboardFile = Main;
				INFOPLIST_KEY_UISupportedInterfaceOrientations_iPad = "UIInterfaceOrientationPortrait UIInterfaceOrientationPortraitUpsideDown UIInterfaceOrientationLandscapeLeft UIInterfaceOrientationLandscapeRight";
				INFOPLIST_KEY_UISupportedInterfaceOrientations_iPhone = "UIInterfaceOrientationPortrait UIInterfaceOrientationLandscapeLeft UIInterfaceOrientationLandscapeRight";
				LD_RUNPATH_SEARCH_PATHS = (
					"$(inherited)",
					"@executable_path/Frameworks",
				);
				MARKETING_VERSION = 1.0;
				PRODUCT_BUNDLE_IDENTIFIER = com.msb.UserDefaults.anotherApp;
				PRODUCT_NAME = "$(TARGET_NAME)";
				SWIFT_EMIT_LOC_STRINGS = YES;
				SWIFT_VERSION = 5.0;
				TARGETED_DEVICE_FAMILY = "1,2";
			};
			name = Release;
		};
/* End XCBuildConfiguration section */

/* Begin XCConfigurationList section */
		779E0D112C804E95002F81BE /* Build configuration list for PBXProject "UserDefaults" */ = {
			isa = XCConfigurationList;
			buildConfigurations = (
				779E0D282C804E96002F81BE /* Debug */,
				779E0D292C804E96002F81BE /* Release */,
			);
			defaultConfigurationIsVisible = 0;
			defaultConfigurationName = Release;
		};
		779E0D2A2C804E96002F81BE /* Build configuration list for PBXNativeTarget "UserDefaults" */ = {
			isa = XCConfigurationList;
			buildConfigurations = (
				779E0D2B2C804E96002F81BE /* Debug */,
				779E0D2C2C804E96002F81BE /* Release */,
			);
			defaultConfigurationIsVisible = 0;
			defaultConfigurationName = Release;
		};
		779E0D762C8064A3002F81BE /* Build configuration list for PBXNativeTarget "anotherApp" */ = {
			isa = XCConfigurationList;
			buildConfigurations = (
				779E0D772C8064A3002F81BE /* Debug */,
				779E0D782C8064A3002F81BE /* Release */,
			);
			defaultConfigurationIsVisible = 0;
			defaultConfigurationName = Release;
		};
/* End XCConfigurationList section */
	};
	rootObject = 779E0D0E2C804E95002F81BE /* Project object */;
}
